Microsoft Visual Studio Solution File, Format Version 11.00
# Visual Studio 2008

Project("{3B752526-22B0-55DF-F0C2-580FC4FE5EE8}") = "MovieTexture", "Assembly-CSharp-firstpass.csproj", "{E974868F-EEF5-1784-77B4-B1824C4C0559}"
EndProject
Project("{3B752526-22B0-55DF-F0C2-580FC4FE5EE8}") = "MovieTexture", "Assembly-CSharp.csproj", "{9E3DC3A9-AEF8-6659-3398-EE5F10EDDF45}"
EndProject
Project("{3B752526-22B0-55DF-F0C2-580FC4FE5EE8}") = "MovieTexture", "Assembly-CSharp-Editor-firstpass.csproj", "{DAA3B65C-68F0-DC0E-3B3D-65CEB8620B5F}"
EndProject
Global
	GlobalSection(SolutionConfigurationPlatforms) = preSolution
		Debug|Any CPU = Debug|Any CPU
		Release|Any CPU = Release|Any CPU
	EndGlobalSection
	GlobalSection(ProjectConfigurationPlatforms) = postSolution
		{E974868F-EEF5-1784-77B4-B1824C4C0559}.Debug|Any CPU.ActiveCfg = Debug|Any CPU
		{E974868F-EEF5-1784-77B4-B1824C4C0559}.Debug|Any CPU.Build.0 = Debug|Any CPU
		{E974868F-EEF5-1784-77B4-B1824C4C0559}.Release|Any CPU.ActiveCfg = Release|Any CPU
		{E974868F-EEF5-1784-77B4-B1824C4C0559}.Release|Any CPU.Build.0 = Release|Any CPU
		{9E3DC3A9-AEF8-6659-3398-EE5F10EDDF45}.Debug|Any CPU.ActiveCfg = Debug|Any CPU
		{9E3DC3A9-AEF8-6659-3398-EE5F10EDDF45}.Debug|Any CPU.Build.0 = Debug|Any CPU
		{9E3DC3A9-AEF8-6659-3398-EE5F10EDDF45}.Release|Any CPU.ActiveCfg = Release|Any CPU
		{9E3DC3A9-AEF8-6659-3398-EE5F10EDDF45}.Release|Any CPU.Build.0 = Release|Any CPU
		{DAA3B65C-68F0-DC0E-3B3D-65CEB8620B5F}.Debug|Any CPU.ActiveCfg = Debug|Any CPU
		{DAA3B65C-68F0-DC0E-3B3D-65CEB8620B5F}.Debug|Any CPU.Build.0 = Debug|Any CPU
		{DAA3B65C-68F0-DC0E-3B3D-65CEB8620B5F}.Release|Any CPU.ActiveCfg = Release|Any CPU
		{DAA3B65C-68F0-DC0E-3B3D-65CEB8620B5F}.Release|Any CPU.Build.0 = Release|Any CPU
	EndGlobalSection
	GlobalSection(SolutionProperties) = preSolution
		HideSolutionNode = FALSE
	EndGlobalSection
																																																																		GlobalSection(MonoDevelopProperties) = preSolution
		StartupItem = Assembly-CSharp.csproj
		Policies = $0
		$0.TextStylePolicy = $1
		$1.inheritsSet = null
		$1.scope = text/x-csharp
		$0.CSharpFormattingPolicy = $2
		$2.inheritsSet = Mono
		$2.inheritsScope = text/x-csharp
		$2.scope = text/x-csharp
		$0.TextStylePolicy = $3
		$3.FileWidth = 120
		$3.TabWidth = 4
		$3.EolMarker = Unix
		$3.inheritsSet = Mono
		$3.inheritsScope = text/plain
		$3.scope = text/plain
	EndGlobalSection

EndGlobal
