// !$*UTF8*$!
{
	archiveVersion = 1;
	classes = {
	};
	objectVersion = 46;
	objects = {

/* Begin PBXBuildFile section */
		4A029A391685E2DA00761BD9 /* UIKit.framework in Frameworks */ = {isa = PBXBuildFile; fileRef = 4A029A381685E2DA00761BD9 /* UIKit.framework */; };
		4A029A3B1685E2DA00761BD9 /* Foundation.framework in Frameworks */ = {isa = PBXBuildFile; fileRef = 4A029A3A1685E2DA00761BD9 /* Foundation.framework */; };
		4A029A3D1685E2DA00761BD9 /* CoreGraphics.framework in Frameworks */ = {isa = PBXBuildFile; fileRef = 4A029A3C1685E2DA00761BD9 /* CoreGraphics.framework */; };
		4A0C06E31689B37D004995F9 /* Movie.m4v in Resources */ = {isa = PBXBuildFile; fileRef = 4A0C06E11689B35B004995F9 /* Movie.m4v */; };
		4A276A571685E407008E026D /* AVFoundation.framework in Frameworks */ = {isa = PBXBuildFile; fileRef = 4A276A561685E407008E026D /* AVFoundation.framework */; };
		4A276A591685E40C008E026D /* CoreMedia.framework in Frameworks */ = {isa = PBXBuildFile; fileRef = 4A276A581685E40C008E026D /* CoreMedia.framework */; };
		4A276A5B1685E41F008E026D /* CoreVideo.framework in Frameworks */ = {isa = PBXBuildFile; fileRef = 4A276A5A1685E41F008E026D /* CoreVideo.framework */; };
		4A363F34168BF3FC00FC94EC /* AVAssetMovieDecoder.m in Sources */ = {isa = PBXBuildFile; fileRef = 4A363F31168BF3FC00FC94EC /* AVAssetMovieDecoder.m */; };
		4A363F35168BF3FC00FC94EC /* AVAssetMovieDecoder.m in Sources */ = {isa = PBXBuildFile; fileRef = 4A363F31168BF3FC00FC94EC /* AVAssetMovieDecoder.m */; };
		4A363F36168BF3FC00FC94EC /* MovieDecoder.m in Sources */ = {isa = PBXBuildFile; fileRef = 4A363F33168BF3FC00FC94EC /* MovieDecoder.m */; };
		4A363F37168BF3FC00FC94EC /* MovieDecoder.m in Sources */ = {isa = PBXBuildFile; fileRef = 4A363F33168BF3FC00FC94EC /* MovieDecoder.m */; };
		4A363F3E168C0A6700FC94EC /* QCStopWatch.m in Sources */ = {isa = PBXBuildFile; fileRef = 4A363F3D168C0A6600FC94EC /* QCStopWatch.m */; };
		4A363F3F168C0A6700FC94EC /* QCStopWatch.m in Sources */ = {isa = PBXBuildFile; fileRef = 4A363F3D168C0A6600FC94EC /* QCStopWatch.m */; };
		4A363F41168C16C900FC94EC /* AVPlayerMovieDecoder.m in Sources */ = {isa = PBXBuildFile; fileRef = 4A363F40168C16C900FC94EC /* AVPlayerMovieDecoder.m */; };
		4A363F42168C16C900FC94EC /* AVPlayerMovieDecoder.m in Sources */ = {isa = PBXBuildFile; fileRef = 4A363F40168C16C900FC94EC /* AVPlayerMovieDecoder.m */; };
		4A3C478216877FCC006E119A /* AppDelegate.m in Sources */ = {isa = PBXBuildFile; fileRef = 4A3C476116877FCC006E119A /* AppDelegate.m */; };
		4A3C478416877FCC006E119A /* Default-568h@2x.png in Resources */ = {isa = PBXBuildFile; fileRef = 4A3C476416877FCC006E119A /* Default-568h@2x.png */; };
		4A3C478516877FCC006E119A /* Default.png in Resources */ = {isa = PBXBuildFile; fileRef = 4A3C476516877FCC006E119A /* Default.png */; };
		4A3C478616877FCC006E119A /* Default@2x.png in Resources */ = {isa = PBXBuildFile; fileRef = 4A3C476616877FCC006E119A /* Default@2x.png */; };
		4A3C478716877FCC006E119A /* InfoPlist.strings in Resources */ = {isa = PBXBuildFile; fileRef = 4A3C476716877FCC006E119A /* InfoPlist.strings */; };
		4A3C478816877FCC006E119A /* ViewController.xib in Resources */ = {isa = PBXBuildFile; fileRef = 4A3C476916877FCC006E119A /* ViewController.xib */; };
		4A3C478916877FCC006E119A /* GLES2View.m in Sources */ = {isa = PBXBuildFile; fileRef = 4A3C476D16877FCC006E119A /* GLES2View.m */; };
		4A3C478A16877FCC006E119A /* GLShader.m in Sources */ = {isa = PBXBuildFile; fileRef = 4A3C476F16877FCC006E119A /* GLShader.m */; };
		4A3C479216877FCC006E119A /* main.m in Sources */ = {isa = PBXBuildFile; fileRef = 4A3C477F16877FCC006E119A /* main.m */; };
		4A3C479316877FCC006E119A /* ViewController.m in Sources */ = {isa = PBXBuildFile; fileRef = 4A3C478116877FCC006E119A /* ViewController.m */; };
		4A3C47AA16878098006E119A /* Foundation.framework in Frameworks */ = {isa = PBXBuildFile; fileRef = 4A029A3A1685E2DA00761BD9 /* Foundation.framework */; };
		4A3C4B8816878176006E119A /* GLFBOTexture.m in Sources */ = {isa = PBXBuildFile; fileRef = 4A3C4B7F16878176006E119A /* GLFBOTexture.m */; };
		4A3C4B8916878176006E119A /* GLFBOTexture.m in Sources */ = {isa = PBXBuildFile; fileRef = 4A3C4B7F16878176006E119A /* GLFBOTexture.m */; };
		4A3C4B8A16878176006E119A /* GLMovieTexture.m in Sources */ = {isa = PBXBuildFile; fileRef = 4A3C4B8116878176006E119A /* GLMovieTexture.m */; };
		4A3C4B8B16878176006E119A /* GLMovieTexture.m in Sources */ = {isa = PBXBuildFile; fileRef = 4A3C4B8116878176006E119A /* GLMovieTexture.m */; };
		4A3C4B8C16878176006E119A /* GLImageShader.m in Sources */ = {isa = PBXBuildFile; fileRef = 4A3C4B8316878176006E119A /* GLImageShader.m */; };
		4A3C4B8D16878176006E119A /* GLImageShader.m in Sources */ = {isa = PBXBuildFile; fileRef = 4A3C4B8316878176006E119A /* GLImageShader.m */; };
		4A49B303169AD0A600DC3553 /* QuartzCore.framework in Frameworks */ = {isa = PBXBuildFile; fileRef = 4A49B302169AD0A600DC3553 /* QuartzCore.framework */; };
		4A49B305169AD0AA00DC3553 /* OpenGL.framework in Frameworks */ = {isa = PBXBuildFile; fileRef = 4A49B304169AD0AA00DC3553 /* OpenGL.framework */; };
		4A49B307169AD0BB00DC3553 /* Cocoa.framework in Frameworks */ = {isa = PBXBuildFile; fileRef = 4A49B306169AD0BB00DC3553 /* Cocoa.framework */; };
		4A49B309169AD0D100DC3553 /* Foundation.framework in Frameworks */ = {isa = PBXBuildFile; fileRef = 4A49B308169AD0D100DC3553 /* Foundation.framework */; };
		4A49B312169AE20400DC3553 /* MovieDecoder.m in Sources */ = {isa = PBXBuildFile; fileRef = 4A363F33168BF3FC00FC94EC /* MovieDecoder.m */; };
		4A49B313169AF08000DC3553 /* AVAssetMovieDecoder.m in Sources */ = {isa = PBXBuildFile; fileRef = 4A363F31168BF3FC00FC94EC /* AVAssetMovieDecoder.m */; };
		4A49B314169AF08000DC3553 /* AVPlayerMovieDecoder.m in Sources */ = {isa = PBXBuildFile; fileRef = 4A363F40168C16C900FC94EC /* AVPlayerMovieDecoder.m */; };
		4A49B315169AF08C00DC3553 /* QCStopWatch.m in Sources */ = {isa = PBXBuildFile; fileRef = 4A363F3D168C0A6600FC94EC /* QCStopWatch.m */; };
		4A49B31A169AFA6200DC3553 /* Plugin.m in Sources */ = {isa = PBXBuildFile; fileRef = 4A49B318169AFA6200DC3553 /* Plugin.m */; };
		4A49B31D169AFE1100DC3553 /* Plugin.m in Sources */ = {isa = PBXBuildFile; fileRef = 4A49B318169AFA6200DC3553 /* Plugin.m */; };
		4A49B31F169B14FF00DC3553 /* AVFoundation.framework in Frameworks */ = {isa = PBXBuildFile; fileRef = 4A49B31E169B14FF00DC3553 /* AVFoundation.framework */; };
		4A49B321169B152700DC3553 /* CoreVideo.framework in Frameworks */ = {isa = PBXBuildFile; fileRef = 4A49B320169B152700DC3553 /* CoreVideo.framework */; };
		4A49B323169B152C00DC3553 /* CoreMedia.framework in Frameworks */ = {isa = PBXBuildFile; fileRef = 4A49B322169B152C00DC3553 /* CoreMedia.framework */; };
		4A49B324169B16F100DC3553 /* GLFBOTexture.m in Sources */ = {isa = PBXBuildFile; fileRef = 4A3C4B7F16878176006E119A /* GLFBOTexture.m */; };
		4A49B334169B40A400DC3553 /* Foundation.framework in Frameworks */ = {isa = PBXBuildFile; fileRef = 4A029A3A1685E2DA00761BD9 /* Foundation.framework */; };
		4A49B337169B40A400DC3553 /* main.m in Sources */ = {isa = PBXBuildFile; fileRef = 4A49B336169B40A400DC3553 /* main.m */; };
		4A49B345169B42F400DC3553 /* QTKit.framework in Frameworks */ = {isa = PBXBuildFile; fileRef = 4A49B344169B42F400DC3553 /* QTKit.framework */; };
		4A49B347169B430200DC3553 /* CoreGraphics.framework in Frameworks */ = {isa = PBXBuildFile; fileRef = 4A49B346169B430200DC3553 /* CoreGraphics.framework */; };
		4A49B349169B430A00DC3553 /* AppKit.framework in Frameworks */ = {isa = PBXBuildFile; fileRef = 4A49B348169B430A00DC3553 /* AppKit.framework */; };
		4A49B358169B4E6700DC3553 /* GLMovieTexture.m in Sources */ = {isa = PBXBuildFile; fileRef = 4A3C4B8116878176006E119A /* GLMovieTexture.m */; };
		4A49B359169B522600DC3553 /* GLImageShader.m in Sources */ = {isa = PBXBuildFile; fileRef = 4A3C4B8316878176006E119A /* GLImageShader.m */; };
		4A80031F1685F80F00E969C7 /* OpenGLES.framework in Frameworks */ = {isa = PBXBuildFile; fileRef = 4A80031E1685F80F00E969C7 /* OpenGLES.framework */; };
		4A8003211685F81400E969C7 /* QuartzCore.framework in Frameworks */ = {isa = PBXBuildFile; fileRef = 4A8003201685F81400E969C7 /* QuartzCore.framework */; };
/* End PBXBuildFile section */

/* Begin PBXCopyFilesBuildPhase section */
		4A3C47A716878098006E119A /* CopyFiles */ = {
			isa = PBXCopyFilesBuildPhase;
			buildActionMask = 2147483647;
			dstPath = "include/${PRODUCT_NAME}";
			dstSubfolderSpec = 16;
			files = (
			);
			runOnlyForDeploymentPostprocessing = 0;
		};
		4A49B330169B40A400DC3553 /* CopyFiles */ = {
			isa = PBXCopyFilesBuildPhase;
			buildActionMask = 2147483647;
			dstPath = /usr/share/man/man1/;
			dstSubfolderSpec = 0;
			files = (
			);
			runOnlyForDeploymentPostprocessing = 1;
		};
/* End PBXCopyFilesBuildPhase section */

/* Begin PBXFileReference section */
		4A029A341685E2DA00761BD9 /* GLMovieTextureTest.app */ = {isa = PBXFileReference; explicitFileType = wrapper.application; includeInIndex = 0; path = GLMovieTextureTest.app; sourceTree = BUILT_PRODUCTS_DIR; };
		4A029A381685E2DA00761BD9 /* UIKit.framework */ = {isa = PBXFileReference; lastKnownFileType = wrapper.framework; name = UIKit.framework; path = System/Library/Frameworks/UIKit.framework; sourceTree = SDKROOT; };
		4A029A3A1685E2DA00761BD9 /* Foundation.framework */ = {isa = PBXFileReference; lastKnownFileType = wrapper.framework; name = Foundation.framework; path = System/Library/Frameworks/Foundation.framework; sourceTree = SDKROOT; };
		4A029A3C1685E2DA00761BD9 /* CoreGraphics.framework */ = {isa = PBXFileReference; lastKnownFileType = wrapper.framework; name = CoreGraphics.framework; path = System/Library/Frameworks/CoreGraphics.framework; sourceTree = SDKROOT; };
		4A0C06E11689B35B004995F9 /* Movie.m4v */ = {isa = PBXFileReference; lastKnownFileType = file; path = Movie.m4v; sourceTree = "<group>"; };
		4A276A561685E407008E026D /* AVFoundation.framework */ = {isa = PBXFileReference; lastKnownFileType = wrapper.framework; name = AVFoundation.framework; path = System/Library/Frameworks/AVFoundation.framework; sourceTree = SDKROOT; };
		4A276A581685E40C008E026D /* CoreMedia.framework */ = {isa = PBXFileReference; lastKnownFileType = wrapper.framework; name = CoreMedia.framework; path = System/Library/Frameworks/CoreMedia.framework; sourceTree = SDKROOT; };
		4A276A5A1685E41F008E026D /* CoreVideo.framework */ = {isa = PBXFileReference; lastKnownFileType = wrapper.framework; name = CoreVideo.framework; path = System/Library/Frameworks/CoreVideo.framework; sourceTree = SDKROOT; };
		4A363F31168BF3FC00FC94EC /* AVAssetMovieDecoder.m */ = {isa = PBXFileReference; fileEncoding = 4; lastKnownFileType = sourcecode.c.objc; path = AVAssetMovieDecoder.m; sourceTree = "<group>"; };
		4A363F32168BF3FC00FC94EC /* MovieDecoder.h */ = {isa = PBXFileReference; fileEncoding = 4; lastKnownFileType = sourcecode.c.h; path = MovieDecoder.h; sourceTree = "<group>"; };
		4A363F33168BF3FC00FC94EC /* MovieDecoder.m */ = {isa = PBXFileReference; fileEncoding = 4; lastKnownFileType = sourcecode.c.objc; path = MovieDecoder.m; sourceTree = "<group>"; };
		4A363F38168BF95800FC94EC /* MovieDecoderInternal.h */ = {isa = PBXFileReference; lastKnownFileType = sourcecode.c.h; path = MovieDecoderInternal.h; sourceTree = "<group>"; };
		4A363F3C168C0A6600FC94EC /* QCStopWatch.h */ = {isa = PBXFileReference; fileEncoding = 4; lastKnownFileType = sourcecode.c.h; path = QCStopWatch.h; sourceTree = "<group>"; };
		4A363F3D168C0A6600FC94EC /* QCStopWatch.m */ = {isa = PBXFileReference; fileEncoding = 4; lastKnownFileType = sourcecode.c.objc; path = QCStopWatch.m; sourceTree = "<group>"; };
		4A363F40168C16C900FC94EC /* AVPlayerMovieDecoder.m */ = {isa = PBXFileReference; fileEncoding = 4; lastKnownFileType = sourcecode.c.objc; path = AVPlayerMovieDecoder.m; sourceTree = "<group>"; };
		4A3C476016877FCC006E119A /* AppDelegate.h */ = {isa = PBXFileReference; fileEncoding = 4; lastKnownFileType = sourcecode.c.h; path = AppDelegate.h; sourceTree = "<group>"; };
		4A3C476116877FCC006E119A /* AppDelegate.m */ = {isa = PBXFileReference; fileEncoding = 4; lastKnownFileType = sourcecode.c.objc; path = AppDelegate.m; sourceTree = "<group>"; };
		4A3C476416877FCC006E119A /* Default-568h@2x.png */ = {isa = PBXFileReference; lastKnownFileType = image.png; path = "Default-568h@2x.png"; sourceTree = "<group>"; };
		4A3C476516877FCC006E119A /* Default.png */ = {isa = PBXFileReference; lastKnownFileType = image.png; path = Default.png; sourceTree = "<group>"; };
		4A3C476616877FCC006E119A /* Default@2x.png */ = {isa = PBXFileReference; lastKnownFileType = image.png; path = "Default@2x.png"; sourceTree = "<group>"; };
		4A3C476816877FCC006E119A /* en */ = {isa = PBXFileReference; lastKnownFileType = text.plist.strings; name = en; path = en.lproj/InfoPlist.strings; sourceTree = "<group>"; };
		4A3C476A16877FCC006E119A /* en */ = {isa = PBXFileReference; lastKnownFileType = file.xib; name = en; path = en.lproj/ViewController.xib; sourceTree = "<group>"; };
		4A3C476C16877FCC006E119A /* GLES2View.h */ = {isa = PBXFileReference; fileEncoding = 4; lastKnownFileType = sourcecode.c.h; path = GLES2View.h; sourceTree = "<group>"; };
		4A3C476D16877FCC006E119A /* GLES2View.m */ = {isa = PBXFileReference; fileEncoding = 4; lastKnownFileType = sourcecode.c.objc; path = GLES2View.m; sourceTree = "<group>"; };
		4A3C476E16877FCC006E119A /* GLShader.h */ = {isa = PBXFileReference; fileEncoding = 4; lastKnownFileType = sourcecode.c.h; path = GLShader.h; sourceTree = "<group>"; };
		4A3C476F16877FCC006E119A /* GLShader.m */ = {isa = PBXFileReference; fileEncoding = 4; lastKnownFileType = sourcecode.c.objc; path = GLShader.m; sourceTree = "<group>"; };
		4A3C477B16877FCC006E119A /* GLMovieTextureTest-Info.plist */ = {isa = PBXFileReference; fileEncoding = 4; lastKnownFileType = text.plist.xml; path = "GLMovieTextureTest-Info.plist"; sourceTree = "<group>"; };
		4A3C477C16877FCC006E119A /* GLMovieTextureTest-Prefix.pch */ = {isa = PBXFileReference; fileEncoding = 4; lastKnownFileType = sourcecode.c.h; path = "GLMovieTextureTest-Prefix.pch"; sourceTree = "<group>"; };
		4A3C477F16877FCC006E119A /* main.m */ = {isa = PBXFileReference; fileEncoding = 4; lastKnownFileType = sourcecode.c.objc; path = main.m; sourceTree = "<group>"; };
		4A3C478016877FCC006E119A /* ViewController.h */ = {isa = PBXFileReference; fileEncoding = 4; lastKnownFileType = sourcecode.c.h; path = ViewController.h; sourceTree = "<group>"; };
		4A3C478116877FCC006E119A /* ViewController.m */ = {isa = PBXFileReference; fileEncoding = 4; lastKnownFileType = sourcecode.c.objc; path = ViewController.m; sourceTree = "<group>"; };
		4A3C47A916878098006E119A /* GLMovieTexture.a */ = {isa = PBXFileReference; explicitFileType = archive.ar; includeInIndex = 0; path = GLMovieTexture.a; sourceTree = BUILT_PRODUCTS_DIR; };
		4A3C4B7E16878176006E119A /* GLFBOTexture.h */ = {isa = PBXFileReference; fileEncoding = 4; lastKnownFileType = sourcecode.c.h; path = GLFBOTexture.h; sourceTree = "<group>"; };
		4A3C4B7F16878176006E119A /* GLFBOTexture.m */ = {isa = PBXFileReference; fileEncoding = 4; lastKnownFileType = sourcecode.c.objc; path = GLFBOTexture.m; sourceTree = "<group>"; };
		4A3C4B8016878176006E119A /* GLMovieTexture.h */ = {isa = PBXFileReference; fileEncoding = 4; lastKnownFileType = sourcecode.c.h; path = GLMovieTexture.h; sourceTree = "<group>"; };
		4A3C4B8116878176006E119A /* GLMovieTexture.m */ = {isa = PBXFileReference; fileEncoding = 4; lastKnownFileType = sourcecode.c.objc; path = GLMovieTexture.m; sourceTree = "<group>"; };
		4A3C4B8316878176006E119A /* GLImageShader.m */ = {isa = PBXFileReference; fileEncoding = 4; lastKnownFileType = sourcecode.c.objc; path = GLImageShader.m; sourceTree = "<group>"; };
		4A45F53E168C57BE00569742 /* GLImageShader.h */ = {isa = PBXFileReference; lastKnownFileType = sourcecode.c.h; path = GLImageShader.h; sourceTree = "<group>"; };
		4A49B2DF169AC50300DC3553 /* GLMovieTexture.bundle */ = {isa = PBXFileReference; explicitFileType = wrapper.cfbundle; includeInIndex = 0; path = GLMovieTexture.bundle; sourceTree = BUILT_PRODUCTS_DIR; };
		4A49B302169AD0A600DC3553 /* QuartzCore.framework */ = {isa = PBXFileReference; lastKnownFileType = wrapper.framework; name = QuartzCore.framework; path = Platforms/MacOSX.platform/Developer/SDKs/MacOSX10.8.sdk/System/Library/Frameworks/QuartzCore.framework; sourceTree = DEVELOPER_DIR; };
		4A49B304169AD0AA00DC3553 /* OpenGL.framework */ = {isa = PBXFileReference; lastKnownFileType = wrapper.framework; name = OpenGL.framework; path = Platforms/MacOSX.platform/Developer/SDKs/MacOSX10.8.sdk/System/Library/Frameworks/OpenGL.framework; sourceTree = DEVELOPER_DIR; };
		4A49B306169AD0BB00DC3553 /* Cocoa.framework */ = {isa = PBXFileReference; lastKnownFileType = wrapper.framework; name = Cocoa.framework; path = Platforms/MacOSX.platform/Developer/SDKs/MacOSX10.8.sdk/System/Library/Frameworks/Cocoa.framework; sourceTree = DEVELOPER_DIR; };
		4A49B308169AD0D100DC3553 /* Foundation.framework */ = {isa = PBXFileReference; lastKnownFileType = wrapper.framework; name = Foundation.framework; path = Platforms/MacOSX.platform/Developer/SDKs/MacOSX10.8.sdk/System/Library/Frameworks/Foundation.framework; sourceTree = DEVELOPER_DIR; };
		4A49B318169AFA6200DC3553 /* Plugin.m */ = {isa = PBXFileReference; fileEncoding = 4; lastKnownFileType = sourcecode.c.objc; path = Plugin.m; sourceTree = "<group>"; };
		4A49B31E169B14FF00DC3553 /* AVFoundation.framework */ = {isa = PBXFileReference; lastKnownFileType = wrapper.framework; name = AVFoundation.framework; path = Platforms/MacOSX.platform/Developer/SDKs/MacOSX10.8.sdk/System/Library/Frameworks/AVFoundation.framework; sourceTree = DEVELOPER_DIR; };
		4A49B320169B152700DC3553 /* CoreVideo.framework */ = {isa = PBXFileReference; lastKnownFileType = wrapper.framework; name = CoreVideo.framework; path = Platforms/MacOSX.platform/Developer/SDKs/MacOSX10.8.sdk/System/Library/Frameworks/CoreVideo.framework; sourceTree = DEVELOPER_DIR; };
		4A49B322169B152C00DC3553 /* CoreMedia.framework */ = {isa = PBXFileReference; lastKnownFileType = wrapper.framework; name = CoreMedia.framework; path = Platforms/MacOSX.platform/Developer/SDKs/MacOSX10.8.sdk/System/Library/Frameworks/CoreMedia.framework; sourceTree = DEVELOPER_DIR; };
		4A49B332169B40A400DC3553 /* movtoimg */ = {isa = PBXFileReference; explicitFileType = "compiled.mach-o.executable"; includeInIndex = 0; path = movtoimg; sourceTree = BUILT_PRODUCTS_DIR; };
		4A49B336169B40A400DC3553 /* main.m */ = {isa = PBXFileReference; lastKnownFileType = sourcecode.c.objc; path = main.m; sourceTree = "<group>"; };
		4A49B339169B40A400DC3553 /* movtoimg-Prefix.pch */ = {isa = PBXFileReference; lastKnownFileType = sourcecode.c.h; path = "movtoimg-Prefix.pch"; sourceTree = "<group>"; };
		4A49B344169B42F400DC3553 /* QTKit.framework */ = {isa = PBXFileReference; lastKnownFileType = wrapper.framework; name = QTKit.framework; path = Platforms/MacOSX.platform/Developer/SDKs/MacOSX10.8.sdk/System/Library/Frameworks/QTKit.framework; sourceTree = DEVELOPER_DIR; };
		4A49B346169B430200DC3553 /* CoreGraphics.framework */ = {isa = PBXFileReference; lastKnownFileType = wrapper.framework; name = CoreGraphics.framework; path = Platforms/MacOSX.platform/Developer/SDKs/MacOSX10.8.sdk/System/Library/Frameworks/CoreGraphics.framework; sourceTree = DEVELOPER_DIR; };
		4A49B348169B430A00DC3553 /* AppKit.framework */ = {isa = PBXFileReference; lastKnownFileType = wrapper.framework; name = AppKit.framework; path = Platforms/MacOSX.platform/Developer/SDKs/MacOSX10.8.sdk/System/Library/Frameworks/AppKit.framework; sourceTree = DEVELOPER_DIR; };
		4A80031E1685F80F00E969C7 /* OpenGLES.framework */ = {isa = PBXFileReference; lastKnownFileType = wrapper.framework; name = OpenGLES.framework; path = System/Library/Frameworks/OpenGLES.framework; sourceTree = SDKROOT; };
		4A8003201685F81400E969C7 /* QuartzCore.framework */ = {isa = PBXFileReference; lastKnownFileType = wrapper.framework; name = QuartzCore.framework; path = System/Library/Frameworks/QuartzCore.framework; sourceTree = SDKROOT; };
/* End PBXFileReference section */

/* Begin PBXFrameworksBuildPhase section */
		4A029A311685E2DA00761BD9 /* Frameworks */ = {
			isa = PBXFrameworksBuildPhase;
			buildActionMask = 2147483647;
			files = (
				4A8003211685F81400E969C7 /* QuartzCore.framework in Frameworks */,
				4A80031F1685F80F00E969C7 /* OpenGLES.framework in Frameworks */,
				4A276A5B1685E41F008E026D /* CoreVideo.framework in Frameworks */,
				4A276A591685E40C008E026D /* CoreMedia.framework in Frameworks */,
				4A276A571685E407008E026D /* AVFoundation.framework in Frameworks */,
				4A029A391685E2DA00761BD9 /* UIKit.framework in Frameworks */,
				4A029A3B1685E2DA00761BD9 /* Foundation.framework in Frameworks */,
				4A029A3D1685E2DA00761BD9 /* CoreGraphics.framework in Frameworks */,
			);
			runOnlyForDeploymentPostprocessing = 0;
		};
		4A3C47A616878098006E119A /* Frameworks */ = {
			isa = PBXFrameworksBuildPhase;
			buildActionMask = 2147483647;
			files = (
				4A3C47AA16878098006E119A /* Foundation.framework in Frameworks */,
			);
			runOnlyForDeploymentPostprocessing = 0;
		};
		4A49B2DC169AC50300DC3553 /* Frameworks */ = {
			isa = PBXFrameworksBuildPhase;
			buildActionMask = 2147483647;
			files = (
				4A49B323169B152C00DC3553 /* CoreMedia.framework in Frameworks */,
				4A49B321169B152700DC3553 /* CoreVideo.framework in Frameworks */,
				4A49B31F169B14FF00DC3553 /* AVFoundation.framework in Frameworks */,
				4A49B309169AD0D100DC3553 /* Foundation.framework in Frameworks */,
				4A49B307169AD0BB00DC3553 /* Cocoa.framework in Frameworks */,
				4A49B305169AD0AA00DC3553 /* OpenGL.framework in Frameworks */,
				4A49B303169AD0A600DC3553 /* QuartzCore.framework in Frameworks */,
			);
			runOnlyForDeploymentPostprocessing = 0;
		};
		4A49B32F169B40A400DC3553 /* Frameworks */ = {
			isa = PBXFrameworksBuildPhase;
			buildActionMask = 2147483647;
			files = (
				4A49B349169B430A00DC3553 /* AppKit.framework in Frameworks */,
				4A49B347169B430200DC3553 /* CoreGraphics.framework in Frameworks */,
				4A49B345169B42F400DC3553 /* QTKit.framework in Frameworks */,
				4A49B334169B40A400DC3553 /* Foundation.framework in Frameworks */,
			);
			runOnlyForDeploymentPostprocessing = 0;
		};
/* End PBXFrameworksBuildPhase section */

/* Begin PBXGroup section */
		4A029A291685E2DA00761BD9 = {
			isa = PBXGroup;
			children = (
				4A3C475F16877FCC006E119A /* GLMovieTextureTest */,
				4A3C47AB16878098006E119A /* GLMovieTexture */,
				4A3C47B5168780FE006E119A /* Unity */,
				4A49B335169B40A400DC3553 /* movtoimg */,
				4A029A371685E2DA00761BD9 /* Frameworks */,
				4A49B2F3169AC59900DC3553 /* FrameworksOSX */,
				4A029A351685E2DA00761BD9 /* Products */,
			);
			sourceTree = "<group>";
		};
		4A029A351685E2DA00761BD9 /* Products */ = {
			isa = PBXGroup;
			children = (
				4A029A341685E2DA00761BD9 /* GLMovieTextureTest.app */,
				4A3C47A916878098006E119A /* GLMovieTexture.a */,
				4A49B2DF169AC50300DC3553 /* GLMovieTexture.bundle */,
				4A49B332169B40A400DC3553 /* movtoimg */,
			);
			name = Products;
			sourceTree = "<group>";
		};
		4A029A371685E2DA00761BD9 /* Frameworks */ = {
			isa = PBXGroup;
			children = (
				4A8003201685F81400E969C7 /* QuartzCore.framework */,
				4A80031E1685F80F00E969C7 /* OpenGLES.framework */,
				4A276A5A1685E41F008E026D /* CoreVideo.framework */,
				4A276A581685E40C008E026D /* CoreMedia.framework */,
				4A276A561685E407008E026D /* AVFoundation.framework */,
				4A029A381685E2DA00761BD9 /* UIKit.framework */,
				4A029A3A1685E2DA00761BD9 /* Foundation.framework */,
				4A029A3C1685E2DA00761BD9 /* CoreGraphics.framework */,
			);
			name = Frameworks;
			sourceTree = "<group>";
		};
		4A363F30168BF3FC00FC94EC /* MovieDecoder */ = {
			isa = PBXGroup;
			children = (
				4A363F32168BF3FC00FC94EC /* MovieDecoder.h */,
				4A363F38168BF95800FC94EC /* MovieDecoderInternal.h */,
				4A363F33168BF3FC00FC94EC /* MovieDecoder.m */,
				4A363F31168BF3FC00FC94EC /* AVAssetMovieDecoder.m */,
				4A363F40168C16C900FC94EC /* AVPlayerMovieDecoder.m */,
				4A363F3C168C0A6600FC94EC /* QCStopWatch.h */,
				4A363F3D168C0A6600FC94EC /* QCStopWatch.m */,
			);
			path = MovieDecoder;
			sourceTree = "<group>";
		};
		4A3C475F16877FCC006E119A /* GLMovieTextureTest */ = {
			isa = PBXGroup;
			children = (
				4A3C476016877FCC006E119A /* AppDelegate.h */,
				4A3C476116877FCC006E119A /* AppDelegate.m */,
				4A3C478016877FCC006E119A /* ViewController.h */,
				4A3C478116877FCC006E119A /* ViewController.m */,
				4A3C476916877FCC006E119A /* ViewController.xib */,
				4A3C476B16877FCC006E119A /* GLES2View */,
				4A3C479416877FD9006E119A /* Supporting Files */,
			);
			path = GLMovieTextureTest;
			sourceTree = "<group>";
		};
		4A3C476216877FCC006E119A /* Data */ = {
			isa = PBXGroup;
			children = (
				4A0C06E11689B35B004995F9 /* Movie.m4v */,
			);
			path = Data;
			sourceTree = "<group>";
		};
		4A3C476B16877FCC006E119A /* GLES2View */ = {
			isa = PBXGroup;
			children = (
				4A3C476C16877FCC006E119A /* GLES2View.h */,
				4A3C476D16877FCC006E119A /* GLES2View.m */,
				4A3C476E16877FCC006E119A /* GLShader.h */,
				4A3C476F16877FCC006E119A /* GLShader.m */,
			);
			path = GLES2View;
			sourceTree = "<group>";
		};
		4A3C479416877FD9006E119A /* Supporting Files */ = {
			isa = PBXGroup;
			children = (
				4A3C476216877FCC006E119A /* Data */,
				4A3C477F16877FCC006E119A /* main.m */,
				4A3C477B16877FCC006E119A /* GLMovieTextureTest-Info.plist */,
				4A3C477C16877FCC006E119A /* GLMovieTextureTest-Prefix.pch */,
				4A3C476416877FCC006E119A /* Default-568h@2x.png */,
				4A3C476516877FCC006E119A /* Default.png */,
				4A3C476616877FCC006E119A /* Default@2x.png */,
				4A3C476716877FCC006E119A /* InfoPlist.strings */,
			);
			name = "Supporting Files";
			sourceTree = "<group>";
		};
		4A3C47AB16878098006E119A /* GLMovieTexture */ = {
			isa = PBXGroup;
			children = (
				4A3C4B7E16878176006E119A /* GLFBOTexture.h */,
				4A3C4B7F16878176006E119A /* GLFBOTexture.m */,
				4A3C4B8016878176006E119A /* GLMovieTexture.h */,
				4A3C4B8116878176006E119A /* GLMovieTexture.m */,
				4A45F53E168C57BE00569742 /* GLImageShader.h */,
				4A3C4B8316878176006E119A /* GLImageShader.m */,
				4A363F30168BF3FC00FC94EC /* MovieDecoder */,
			);
			path = GLMovieTexture;
			sourceTree = "<group>";
		};
		4A3C47B5168780FE006E119A /* Unity */ = {
			isa = PBXGroup;
			children = (
				4A3C4B64168780FF006E119A /* PluginSrc */,
			);
			path = Unity;
			sourceTree = "<group>";
		};
		4A3C4B64168780FF006E119A /* PluginSrc */ = {
			isa = PBXGroup;
			children = (
				4A49B318169AFA6200DC3553 /* Plugin.m */,
			);
			path = PluginSrc;
			sourceTree = "<group>";
		};
		4A49B2F3169AC59900DC3553 /* FrameworksOSX */ = {
			isa = PBXGroup;
			children = (
				4A49B348169B430A00DC3553 /* AppKit.framework */,
				4A49B346169B430200DC3553 /* CoreGraphics.framework */,
				4A49B344169B42F400DC3553 /* QTKit.framework */,
				4A49B322169B152C00DC3553 /* CoreMedia.framework */,
				4A49B320169B152700DC3553 /* CoreVideo.framework */,
				4A49B31E169B14FF00DC3553 /* AVFoundation.framework */,
				4A49B308169AD0D100DC3553 /* Foundation.framework */,
				4A49B306169AD0BB00DC3553 /* Cocoa.framework */,
				4A49B304169AD0AA00DC3553 /* OpenGL.framework */,
				4A49B302169AD0A600DC3553 /* QuartzCore.framework */,
			);
			name = FrameworksOSX;
			path = Unity;
			sourceTree = "<group>";
		};
		4A49B335169B40A400DC3553 /* movtoimg */ = {
			isa = PBXGroup;
			children = (
				4A49B336169B40A400DC3553 /* main.m */,
				4A49B338169B40A400DC3553 /* Supporting Files */,
			);
			path = movtoimg;
			sourceTree = "<group>";
		};
		4A49B338169B40A400DC3553 /* Supporting Files */ = {
			isa = PBXGroup;
			children = (
				4A49B339169B40A400DC3553 /* movtoimg-Prefix.pch */,
			);
			name = "Supporting Files";
			sourceTree = "<group>";
		};
/* End PBXGroup section */

/* Begin PBXNativeTarget section */
		4A029A331685E2DA00761BD9 /* GLMovieTextureTest */ = {
			isa = PBXNativeTarget;
			buildConfigurationList = 4A029A581685E2DA00761BD9 /* Build configuration list for PBXNativeTarget "GLMovieTextureTest" */;
			buildPhases = (
				4A029A301685E2DA00761BD9 /* Sources */,
				4A029A311685E2DA00761BD9 /* Frameworks */,
				4A029A321685E2DA00761BD9 /* Resources */,
			);
			buildRules = (
			);
			dependencies = (
			);
			name = GLMovieTextureTest;
			productName = GLMovieTexture;
			productReference = 4A029A341685E2DA00761BD9 /* GLMovieTextureTest.app */;
			productType = "com.apple.product-type.application";
		};
		4A3C47A816878098006E119A /* GLMovieTexture */ = {
			isa = PBXNativeTarget;
			buildConfigurationList = 4A3C47B216878098006E119A /* Build configuration list for PBXNativeTarget "GLMovieTexture" */;
			buildPhases = (
				4A3C47A516878098006E119A /* Sources */,
				4A3C47A616878098006E119A /* Frameworks */,
				4A3C47A716878098006E119A /* CopyFiles */,
				4A3C4B921687828F006E119A /* ShellScript */,
			);
			buildRules = (
			);
			dependencies = (
			);
			name = GLMovieTexture;
			productName = GLMovieTexture;
			productReference = 4A3C47A916878098006E119A /* GLMovieTexture.a */;
			productType = "com.apple.product-type.library.static";
		};
		4A49B2DE169AC50300DC3553 /* GLMovieTextureOSX */ = {
			isa = PBXNativeTarget;
			buildConfigurationList = 4A49B2ED169AC50300DC3553 /* Build configuration list for PBXNativeTarget "GLMovieTextureOSX" */;
			buildPhases = (
				4A49B2DB169AC50300DC3553 /* Sources */,
				4A49B2DC169AC50300DC3553 /* Frameworks */,
				4A49B2DD169AC50300DC3553 /* Resources */,
				4A49B301169ACC5200DC3553 /* ShellScript */,
			);
			buildRules = (
			);
			dependencies = (
			);
			name = GLMovieTextureOSX;
			productName = GLMovieTextureOSX;
			productReference = 4A49B2DF169AC50300DC3553 /* GLMovieTexture.bundle */;
			productType = "com.apple.product-type.bundle";
		};
		4A49B331169B40A400DC3553 /* movtoimg */ = {
			isa = PBXNativeTarget;
			buildConfigurationList = 4A49B33C169B40A400DC3553 /* Build configuration list for PBXNativeTarget "movtoimg" */;
			buildPhases = (
				4A49B32E169B40A400DC3553 /* Sources */,
				4A49B32F169B40A400DC3553 /* Frameworks */,
				4A49B330169B40A400DC3553 /* CopyFiles */,
				4A49B343169B428100DC3553 /* ShellScript */,
			);
			buildRules = (
			);
			dependencies = (
			);
			name = movtoimg;
			productName = movtoimg;
			productReference = 4A49B332169B40A400DC3553 /* movtoimg */;
			productType = "com.apple.product-type.tool";
		};
/* End PBXNativeTarget section */

/* Begin PBXProject section */
		4A029A2B1685E2DA00761BD9 /* Project object */ = {
			isa = PBXProject;
			attributes = {
				LastUpgradeCheck = 0450;
				ORGANIZATIONNAME = hayashi;
			};
			buildConfigurationList = 4A029A2E1685E2DA00761BD9 /* Build configuration list for PBXProject "GLMovieTexture" */;
			compatibilityVersion = "Xcode 3.2";
			developmentRegion = English;
			hasScannedForEncodings = 0;
			knownRegions = (
				en,
			);
			mainGroup = 4A029A291685E2DA00761BD9;
			productRefGroup = 4A029A351685E2DA00761BD9 /* Products */;
			projectDirPath = "";
			projectRoot = "";
			targets = (
				4A029A331685E2DA00761BD9 /* GLMovieTextureTest */,
				4A3C47A816878098006E119A /* GLMovieTexture */,
				4A49B2DE169AC50300DC3553 /* GLMovieTextureOSX */,
				4A49B331169B40A400DC3553 /* movtoimg */,
			);
		};
/* End PBXProject section */

/* Begin PBXResourcesBuildPhase section */
		4A029A321685E2DA00761BD9 /* Resources */ = {
			isa = PBXResourcesBuildPhase;
			buildActionMask = 2147483647;
			files = (
				4A3C478416877FCC006E119A /* Default-568h@2x.png in Resources */,
				4A3C478516877FCC006E119A /* Default.png in Resources */,
				4A3C478616877FCC006E119A /* Default@2x.png in Resources */,
				4A3C478716877FCC006E119A /* InfoPlist.strings in Resources */,
				4A3C478816877FCC006E119A /* ViewController.xib in Resources */,
				4A0C06E31689B37D004995F9 /* Movie.m4v in Resources */,
			);
			runOnlyForDeploymentPostprocessing = 0;
		};
		4A49B2DD169AC50300DC3553 /* Resources */ = {
			isa = PBXResourcesBuildPhase;
			buildActionMask = 2147483647;
			files = (
			);
			runOnlyForDeploymentPostprocessing = 0;
		};
/* End PBXResourcesBuildPhase section */

/* Begin PBXShellScriptBuildPhase section */
		4A3C4B921687828F006E119A /* ShellScript */ = {
			isa = PBXShellScriptBuildPhase;
			buildActionMask = 2147483647;
			files = (
			);
			inputPaths = (
			);
			outputPaths = (
			);
			runOnlyForDeploymentPostprocessing = 0;
			shellPath = /bin/sh;
			shellScript = "cp \"$TARGET_BUILD_DIR/$FULL_PRODUCT_NAME\" \"$UNITY_PROJECT_DIR/Assets/Plugins/iOS/\"";
			showEnvVarsInLog = 0;
		};
		4A49B301169ACC5200DC3553 /* ShellScript */ = {
			isa = PBXShellScriptBuildPhase;
			buildActionMask = 2147483647;
			files = (
			);
			inputPaths = (
			);
			outputPaths = (
			);
			runOnlyForDeploymentPostprocessing = 0;
			shellPath = /bin/sh;
			shellScript = "cp -r \"$TARGET_BUILD_DIR/$FULL_PRODUCT_NAME\" \"$UNITY_PROJECT_DIR/Assets/Plugins/\"";
			showEnvVarsInLog = 0;
		};
		4A49B343169B428100DC3553 /* ShellScript */ = {
			isa = PBXShellScriptBuildPhase;
			buildActionMask = 2147483647;
			files = (
			);
			inputPaths = (
			);
			outputPaths = (
			);
			runOnlyForDeploymentPostprocessing = 0;
			shellPath = /bin/sh;
			shellScript = "cp \"$TARGET_BUILD_DIR/$FULL_PRODUCT_NAME\" \"$UNITY_PROJECT_DIR/Assets/Plugins/Editor/\"";
			showEnvVarsInLog = 0;
		};
/* End PBXShellScriptBuildPhase section */

/* Begin PBXSourcesBuildPhase section */
		4A029A301685E2DA00761BD9 /* Sources */ = {
			isa = PBXSourcesBuildPhase;
			buildActionMask = 2147483647;
			files = (
				4A3C478216877FCC006E119A /* AppDelegate.m in Sources */,
				4A3C478916877FCC006E119A /* GLES2View.m in Sources */,
				4A3C478A16877FCC006E119A /* GLShader.m in Sources */,
				4A3C479216877FCC006E119A /* main.m in Sources */,
				4A3C479316877FCC006E119A /* ViewController.m in Sources */,
				4A3C4B8816878176006E119A /* GLFBOTexture.m in Sources */,
				4A3C4B8A16878176006E119A /* GLMovieTexture.m in Sources */,
				4A3C4B8C16878176006E119A /* GLImageShader.m in Sources */,
				4A363F34168BF3FC00FC94EC /* AVAssetMovieDecoder.m in Sources */,
				4A363F36168BF3FC00FC94EC /* MovieDecoder.m in Sources */,
				4A363F3E168C0A6700FC94EC /* QCStopWatch.m in Sources */,
				4A363F41168C16C900FC94EC /* AVPlayerMovieDecoder.m in Sources */,
			);
			runOnlyForDeploymentPostprocessing = 0;
		};
		4A3C47A516878098006E119A /* Sources */ = {
			isa = PBXSourcesBuildPhase;
			buildActionMask = 2147483647;
			files = (
				4A3C4B8916878176006E119A /* GLFBOTexture.m in Sources */,
				4A3C4B8B16878176006E119A /* GLMovieTexture.m in Sources */,
				4A3C4B8D16878176006E119A /* GLImageShader.m in Sources */,
				4A363F35168BF3FC00FC94EC /* AVAssetMovieDecoder.m in Sources */,
				4A363F37168BF3FC00FC94EC /* MovieDecoder.m in Sources */,
				4A363F3F168C0A6700FC94EC /* QCStopWatch.m in Sources */,
				4A363F42168C16C900FC94EC /* AVPlayerMovieDecoder.m in Sources */,
				4A49B31A169AFA6200DC3553 /* Plugin.m in Sources */,
			);
			runOnlyForDeploymentPostprocessing = 0;
		};
		4A49B2DB169AC50300DC3553 /* Sources */ = {
			isa = PBXSourcesBuildPhase;
			buildActionMask = 2147483647;
			files = (
				4A49B312169AE20400DC3553 /* MovieDecoder.m in Sources */,
				4A49B313169AF08000DC3553 /* AVAssetMovieDecoder.m in Sources */,
				4A49B314169AF08000DC3553 /* AVPlayerMovieDecoder.m in Sources */,
				4A49B315169AF08C00DC3553 /* QCStopWatch.m in Sources */,
				4A49B31D169AFE1100DC3553 /* Plugin.m in Sources */,
				4A49B324169B16F100DC3553 /* GLFBOTexture.m in Sources */,
				4A49B358169B4E6700DC3553 /* GLMovieTexture.m in Sources */,
				4A49B359169B522600DC3553 /* GLImageShader.m in Sources */,
			);
			runOnlyForDeploymentPostprocessing = 0;
		};
		4A49B32E169B40A400DC3553 /* Sources */ = {
			isa = PBXSourcesBuildPhase;
			buildActionMask = 2147483647;
			files = (
				4A49B337169B40A400DC3553 /* main.m in Sources */,
			);
			runOnlyForDeploymentPostprocessing = 0;
		};
/* End PBXSourcesBuildPhase section */

/* Begin PBXVariantGroup section */
		4A3C476716877FCC006E119A /* InfoPlist.strings */ = {
			isa = PBXVariantGroup;
			children = (
				4A3C476816877FCC006E119A /* en */,
			);
			name = InfoPlist.strings;
			sourceTree = "<group>";
		};
		4A3C476916877FCC006E119A /* ViewController.xib */ = {
			isa = PBXVariantGroup;
			children = (
				4A3C476A16877FCC006E119A /* en */,
			);
			name = ViewController.xib;
			sourceTree = "<group>";
		};
/* End PBXVariantGroup section */

/* Begin XCBuildConfiguration section */
		4A029A561685E2DA00761BD9 /* Debug */ = {
			isa = XCBuildConfiguration;
			buildSettings = {
				ALWAYS_SEARCH_USER_PATHS = NO;
				CLANG_CXX_LANGUAGE_STANDARD = "gnu++0x";
				CLANG_CXX_LIBRARY = "libc++";
				CLANG_WARN_EMPTY_BODY = YES;
				CLANG_WARN__DUPLICATE_METHOD_MATCH = YES;
				"CODE_SIGN_IDENTITY[sdk=iphoneos*]" = "iPhone Developer";
				COPY_PHASE_STRIP = NO;
				GCC_C_LANGUAGE_STANDARD = gnu99;
				GCC_DYNAMIC_NO_PIC = NO;
				GCC_OPTIMIZATION_LEVEL = 0;
				GCC_PREPROCESSOR_DEFINITIONS = (
					"DEBUG=1",
					"$(inherited)",
				);
				GCC_SYMBOLS_PRIVATE_EXTERN = NO;
				GCC_WARN_ABOUT_RETURN_TYPE = YES;
				GCC_WARN_UNINITIALIZED_AUTOS = YES;
				GCC_WARN_UNUSED_VARIABLE = YES;
				IPHONEOS_DEPLOYMENT_TARGET = 6.0;
				ONLY_ACTIVE_ARCH = YES;
				SDKROOT = iphoneos;
				UNITY_PROJECT_DIR = $PROJECT_DIR/Unity/MovieTexture;
			};
			name = Debug;
		};
		4A029A571685E2DA00761BD9 /* Release */ = {
			isa = XCBuildConfiguration;
			buildSettings = {
				ALWAYS_SEARCH_USER_PATHS = NO;
				CLANG_CXX_LANGUAGE_STANDARD = "gnu++0x";
				CLANG_CXX_LIBRARY = "libc++";
				CLANG_WARN_EMPTY_BODY = YES;
				CLANG_WARN__DUPLICATE_METHOD_MATCH = YES;
				"CODE_SIGN_IDENTITY[sdk=iphoneos*]" = "iPhone Developer";
				COPY_PHASE_STRIP = YES;
				GCC_C_LANGUAGE_STANDARD = gnu99;
				GCC_WARN_ABOUT_RETURN_TYPE = YES;
				GCC_WARN_UNINITIALIZED_AUTOS = YES;
				GCC_WARN_UNUSED_VARIABLE = YES;
				IPHONEOS_DEPLOYMENT_TARGET = 6.0;
				OTHER_CFLAGS = "-DNS_BLOCK_ASSERTIONS=1";
				SDKROOT = iphoneos;
				UNITY_PROJECT_DIR = $PROJECT_DIR/Unity/MovieTexture;
				VALIDATE_PRODUCT = YES;
			};
			name = Release;
		};
		4A029A591685E2DA00761BD9 /* Debug */ = {
			isa = XCBuildConfiguration;
			buildSettings = {
				GCC_PRECOMPILE_PREFIX_HEADER = YES;
				GCC_PREFIX_HEADER = "GLMovieTextureTest/GLMovieTextureTest-Prefix.pch";
				INFOPLIST_FILE = "GLMovieTextureTest/GLMovieTextureTest-Info.plist";
				IPHONEOS_DEPLOYMENT_TARGET = 5.0;
				PRODUCT_NAME = "$(TARGET_NAME)";
				WRAPPER_EXTENSION = app;
			};
			name = Debug;
		};
		4A029A5A1685E2DA00761BD9 /* Release */ = {
			isa = XCBuildConfiguration;
			buildSettings = {
				GCC_PRECOMPILE_PREFIX_HEADER = YES;
				GCC_PREFIX_HEADER = "GLMovieTextureTest/GLMovieTextureTest-Prefix.pch";
				INFOPLIST_FILE = "GLMovieTextureTest/GLMovieTextureTest-Info.plist";
				IPHONEOS_DEPLOYMENT_TARGET = 5.0;
				PRODUCT_NAME = "$(TARGET_NAME)";
				WRAPPER_EXTENSION = app;
			};
			name = Release;
		};
		4A3C47B316878098006E119A /* Debug */ = {
			isa = XCBuildConfiguration;
			buildSettings = {
				DSTROOT = /tmp/GLMovieTexture.dst;
				EXECUTABLE_PREFIX = "";
				GCC_PREFIX_HEADER = "";
				LIBRARY_SEARCH_PATHS = "$(inherited)";
				ONLY_ACTIVE_ARCH = NO;
				OTHER_LDFLAGS = "-ObjC";
				PRODUCT_NAME = "$(TARGET_NAME)";
				SKIP_INSTALL = YES;
			};
			name = Debug;
		};
		4A3C47B416878098006E119A /* Release */ = {
			isa = XCBuildConfiguration;
			buildSettings = {
				DSTROOT = /tmp/GLMovieTexture.dst;
				EXECUTABLE_PREFIX = "";
				GCC_PREFIX_HEADER = "";
				LIBRARY_SEARCH_PATHS = "$(inherited)";
				OTHER_LDFLAGS = "-ObjC";
				PRODUCT_NAME = "$(TARGET_NAME)";
				SKIP_INSTALL = YES;
			};
			name = Release;
		};
		4A49B2EE169AC50300DC3553 /* Debug */ = {
			isa = XCBuildConfiguration;
			buildSettings = {
				ARCHS = "$(ARCHS_STANDARD_32_BIT)";
				COMBINE_HIDPI_IMAGES = YES;
				EFFECTIVE_PLATFORM_NAME = "-iphoneos";
				FRAMEWORK_SEARCH_PATHS = (
					"$(inherited)",
					"\"$(SYSTEM_APPS_DIR)/Xcode.app/Contents/Developer/Library/Frameworks\"",
				);
				GCC_ENABLE_OBJC_EXCEPTIONS = YES;
				GCC_PRECOMPILE_PREFIX_HEADER = YES;
				GCC_PREFIX_HEADER = "Unity/PluginSrc/OSX/GLMovieTextureOSX-Prefix.pch";
				GCC_WARN_64_TO_32_BIT_CONVERSION = YES;
				INFOPLIST_FILE = "Unity/PluginSrc/OSX/GLMovieTextureOSX-Info.plist";
				INSTALL_PATH = "$(LOCAL_LIBRARY_DIR)/Bundles";
				MACOSX_DEPLOYMENT_TARGET = 10.8;
				ONLY_ACTIVE_ARCH = YES;
				PRODUCT_NAME = GLMovieTexture;
				SDKROOT = macosx;
				VALID_ARCHS = i386;
				WRAPPER_EXTENSION = bundle;
			};
			name = Debug;
		};
		4A49B2EF169AC50300DC3553 /* Release */ = {
			isa = XCBuildConfiguration;
			buildSettings = {
				ARCHS = "$(ARCHS_STANDARD_32_BIT)";
				COMBINE_HIDPI_IMAGES = YES;
				DEBUG_INFORMATION_FORMAT = "dwarf-with-dsym";
				EFFECTIVE_PLATFORM_NAME = "-iphoneos";
				FRAMEWORK_SEARCH_PATHS = (
					"$(inherited)",
					"\"$(SYSTEM_APPS_DIR)/Xcode.app/Contents/Developer/Library/Frameworks\"",
				);
				GCC_ENABLE_OBJC_EXCEPTIONS = YES;
				GCC_PRECOMPILE_PREFIX_HEADER = YES;
				GCC_PREFIX_HEADER = "Unity/PluginSrc/OSX/GLMovieTextureOSX-Prefix.pch";
				GCC_WARN_64_TO_32_BIT_CONVERSION = YES;
				INFOPLIST_FILE = "Unity/PluginSrc/OSX/GLMovieTextureOSX-Info.plist";
				INSTALL_PATH = "$(LOCAL_LIBRARY_DIR)/Bundles";
				MACOSX_DEPLOYMENT_TARGET = 10.8;
				ONLY_ACTIVE_ARCH = YES;
				PRODUCT_NAME = GLMovieTexture;
				SDKROOT = macosx;
				VALID_ARCHS = i386;
				WRAPPER_EXTENSION = bundle;
			};
			name = Release;
		};
		4A49B33D169B40A400DC3553 /* Debug */ = {
			isa = XCBuildConfiguration;
			buildSettings = {
				ARCHS = "$(ARCHS_STANDARD_64_BIT)";
				EFFECTIVE_PLATFORM_NAME = "-iphoneos";
				GCC_ENABLE_OBJC_EXCEPTIONS = YES;
				GCC_PRECOMPILE_PREFIX_HEADER = YES;
				GCC_PREFIX_HEADER = "movtoimg/movtoimg-Prefix.pch";
				GCC_WARN_64_TO_32_BIT_CONVERSION = YES;
				MACOSX_DEPLOYMENT_TARGET = 10.8;
				PRODUCT_NAME = "$(TARGET_NAME)";
				SDKROOT = macosx;
			};
			name = Debug;
		};
		4A49B33E169B40A400DC3553 /* Release */ = {
			isa = XCBuildConfiguration;
			buildSettings = {
				ARCHS = "$(ARCHS_STANDARD_64_BIT)";
				DEBUG_INFORMATION_FORMAT = "dwarf-with-dsym";
				EFFECTIVE_PLATFORM_NAME = "-iphoneos";
				GCC_ENABLE_OBJC_EXCEPTIONS = YES;
				GCC_PRECOMPILE_PREFIX_HEADER = YES;
				GCC_PREFIX_HEADER = "movtoimg/movtoimg-Prefix.pch";
				GCC_WARN_64_TO_32_BIT_CONVERSION = YES;
				MACOSX_DEPLOYMENT_TARGET = 10.8;
				PRODUCT_NAME = "$(TARGET_NAME)";
				SDKROOT = macosx;
			};
			name = Release;
		};
/* End XCBuildConfiguration section */

/* Begin XCConfigurationList section */
		4A029A2E1685E2DA00761BD9 /* Build configuration list for PBXProject "GLMovieTexture" */ = {
			isa = XCConfigurationList;
			buildConfigurations = (
				4A029A561685E2DA00761BD9 /* Debug */,
				4A029A571685E2DA00761BD9 /* Release */,
			);
			defaultConfigurationIsVisible = 0;
			defaultConfigurationName = Release;
		};
		4A029A581685E2DA00761BD9 /* Build configuration list for PBXNativeTarget "GLMovieTextureTest" */ = {
			isa = XCConfigurationList;
			buildConfigurations = (
				4A029A591685E2DA00761BD9 /* Debug */,
				4A029A5A1685E2DA00761BD9 /* Release */,
			);
			defaultConfigurationIsVisible = 0;
			defaultConfigurationName = Release;
		};
		4A3C47B216878098006E119A /* Build configuration list for PBXNativeTarget "GLMovieTexture" */ = {
			isa = XCConfigurationList;
			buildConfigurations = (
				4A3C47B316878098006E119A /* Debug */,
				4A3C47B416878098006E119A /* Release */,
			);
			defaultConfigurationIsVisible = 0;
			defaultConfigurationName = Release;
		};
		4A49B2ED169AC50300DC3553 /* Build configuration list for PBXNativeTarget "GLMovieTextureOSX" */ = {
			isa = XCConfigurationList;
			buildConfigurations = (
				4A49B2EE169AC50300DC3553 /* Debug */,
				4A49B2EF169AC50300DC3553 /* Release */,
			);
			defaultConfigurationIsVisible = 0;
			defaultConfigurationName = Release;
		};
		4A49B33C169B40A400DC3553 /* Build configuration list for PBXNativeTarget "movtoimg" */ = {
			isa = XCConfigurationList;
			buildConfigurations = (
				4A49B33D169B40A400DC3553 /* Debug */,
				4A49B33E169B40A400DC3553 /* Release */,
			);
			defaultConfigurationIsVisible = 0;
			defaultConfigurationName = Release;
		};
/* End XCConfigurationList section */
	};
	rootObject = 4A029A2B1685E2DA00761BD9 /* Project object */;
}
